github.com/kufle/go-say-hello v1.0.1 h1:CW/B3h1WxcmkABeRt105O0yFBSlqOVIIlL0WoDhI0RA=
github.com/kufle/go-say-hello v1.0.1/go.mod h1:w3Uqbd1a3ga9x8/XZjqWVPyB7CyJCP/llXmd+W7nrzI=
github.com/kufle/go-say-hello v1.0.2 h1:luh6jkHh79FeXCGIXLpkQ0dWoYuWi5cC5iYsh8lcD4Q=
github.com/kufle/go-say-hello v1.0.2/go.mod h1:w3Uqbd1a3ga9x8/XZjqWVPyB7CyJCP/llXmd+W7nrzI=
github.com/kufle/go-say-hello v1.0.3 h1:T/l1n7ffIfdXvDC9QuLNUDWjLpnaiyQ7ow2MJjeo/9U=
github.com/kufle/go-say-hello v1.0.3/go.mod h1:w3Uqbd1a3ga9x8/XZjqWVPyB7CyJCP/llXmd+W7nrzI=
github.com/kufle/go-say-hello/v2 v2.0.0 h1:xppiXkg6OFC9hZPhF7sHIoCnPHjzqRwip5zYfqXFZ2w=
github.com/kufle/go-say-hello/v2 v2.0.0/go.mod h1:k1kzHpHbkt9vSFMihiHLfyVBylMfLkiwwnxKX7kxD0w=
